
Microsoft Visual Studio Solution File, Format Version 12.00
Project("{FAE04EC0-301F-11D3-BF4B-00C04F79EFBC}") = "Aoc2020-Day01", "Aoc2020-Day01\Aoc2020-Day01.csproj", "{DED65D4F-DD5B-4466-806F-411C473DED5E}"
EndProject
Project("{FAE04EC0-301F-11D3-BF4B-00C04F79EFBC}") = "Aoc2020-Day02", "Aoc2020-Day02\Aoc2020-Day02.csproj", "{77F330F4-C9C3-4EC1-842D-60C2D5FD7B86}"
EndProject
Project("{FAE04EC0-301F-11D3-BF4B-00C04F79EFBC}") = "Aoc2020-Day03", "Aoc2020-Day03\Aoc2020-Day03.csproj", "{02A6EDA0-E1F6-4B58-AAC7-278AEC43B28D}"
EndProject
Project("{FAE04EC0-301F-11D3-BF4B-00C04F79EFBC}") = "Aoc2020-Day04", "Aoc2020-Day04\Aoc2020-Day04.csproj", "{6310E274-DFA6-4963-8801-CCF351FAED05}"
EndProject
Global
	GlobalSection(SolutionConfigurationPlatforms) = preSolution
		Debug|Any CPU = Debug|Any CPU
		Release|Any CPU = Release|Any CPU
	EndGlobalSection
	GlobalSection(ProjectConfigurationPlatforms) = postSolution
		{DED65D4F-DD5B-4466-806F-411C473DED5E}.Debug|Any CPU.ActiveCfg = Debug|Any CPU
		{DED65D4F-DD5B-4466-806F-411C473DED5E}.Debug|Any CPU.Build.0 = Debug|Any CPU
		{DED65D4F-DD5B-4466-806F-411C473DED5E}.Release|Any CPU.ActiveCfg = Release|Any CPU
		{DED65D4F-DD5B-4466-806F-411C473DED5E}.Release|Any CPU.Build.0 = Release|Any CPU
		{77F330F4-C9C3-4EC1-842D-60C2D5FD7B86}.Debug|Any CPU.ActiveCfg = Debug|Any CPU
		{77F330F4-C9C3-4EC1-842D-60C2D5FD7B86}.Debug|Any CPU.Build.0 = Debug|Any CPU
		{77F330F4-C9C3-4EC1-842D-60C2D5FD7B86}.Release|Any CPU.ActiveCfg = Release|Any CPU
		{77F330F4-C9C3-4EC1-842D-60C2D5FD7B86}.Release|Any CPU.Build.0 = Release|Any CPU
		{02A6EDA0-E1F6-4B58-AAC7-278AEC43B28D}.Debug|Any CPU.ActiveCfg = Debug|Any CPU
		{02A6EDA0-E1F6-4B58-AAC7-278AEC43B28D}.Debug|Any CPU.Build.0 = Debug|Any CPU
		{02A6EDA0-E1F6-4B58-AAC7-278AEC43B28D}.Release|Any CPU.ActiveCfg = Release|Any CPU
		{02A6EDA0-E1F6-4B58-AAC7-278AEC43B28D}.Release|Any CPU.Build.0 = Release|Any CPU
		{6310E274-DFA6-4963-8801-CCF351FAED05}.Debug|Any CPU.ActiveCfg = Debug|Any CPU
		{6310E274-DFA6-4963-8801-CCF351FAED05}.Debug|Any CPU.Build.0 = Debug|Any CPU
		{6310E274-DFA6-4963-8801-CCF351FAED05}.Release|Any CPU.ActiveCfg = Release|Any CPU
		{6310E274-DFA6-4963-8801-CCF351FAED05}.Release|Any CPU.Build.0 = Release|Any CPU
	EndGlobalSection
EndGlobal
