
Microsoft Visual Studio Solution File, Format Version 12.00
Project("{FAE04EC0-301F-11D3-BF4B-00C04F79EFBC}") = "Aoc2020-Day01", "Aoc2020-Day01\Aoc2020-Day01.csproj", "{DED65D4F-DD5B-4466-806F-411C473DED5E}"
EndProject
Project("{FAE04EC0-301F-11D3-BF4B-00C04F79EFBC}") = "Aoc2020-Day02", "Aoc2020-Day02\Aoc2020-Day02.csproj", "{77F330F4-C9C3-4EC1-842D-60C2D5FD7B86}"
EndProject
Project("{FAE04EC0-301F-11D3-BF4B-00C04F79EFBC}") = "Aoc2020-Day03", "Aoc2020-Day03\Aoc2020-Day03.csproj", "{02A6EDA0-E1F6-4B58-AAC7-278AEC43B28D}"
EndProject
Project("{FAE04EC0-301F-11D3-BF4B-00C04F79EFBC}") = "Aoc2020-Day04", "Aoc2020-Day04\Aoc2020-Day04.csproj", "{6310E274-DFA6-4963-8801-CCF351FAED05}"
EndProject
Project("{FAE04EC0-301F-11D3-BF4B-00C04F79EFBC}") = "Aoc2020-Day05", "Aoc2020-Day05\Aoc2020-Day05.csproj", "{1250B032-2393-4BD0-BD9D-8A337C32322B}"
EndProject
Project("{FAE04EC0-301F-11D3-BF4B-00C04F79EFBC}") = "Aoc2020-Day06", "Aoc2020-Day06\Aoc2020-Day06.csproj", "{EA52F4F9-4423-4501-B202-6042F9380257}"
EndProject
Project("{FAE04EC0-301F-11D3-BF4B-00C04F79EFBC}") = "Aoc2020-Day07", "Aoc2020-Day07\Aoc2020-Day07.csproj", "{AFDD4BE3-7C50-4C40-A8A8-5278BA7BA9B7}"
EndProject
Project("{FAE04EC0-301F-11D3-BF4B-00C04F79EFBC}") = "Aoc2020-Day08", "Aoc2020-Day08\Aoc2020-Day08.csproj", "{B1D982DB-D447-40B4-9799-B3DB0447FB74}"
EndProject
Project("{FAE04EC0-301F-11D3-BF4B-00C04F79EFBC}") = "Aoc2020-Day09", "Aoc2020-Day09\Aoc2020-Day09.csproj", "{F96DED33-12C4-431B-BA3C-6B41BDFB38D8}"
EndProject
Project("{FAE04EC0-301F-11D3-BF4B-00C04F79EFBC}") = "Aoc2020-Day10", "Aoc2020-Day10\Aoc2020-Day10.csproj", "{F956D334-03DA-4070-8E94-79D89720C3EF}"
EndProject
Project("{FAE04EC0-301F-11D3-BF4B-00C04F79EFBC}") = "Aoc2020-Day11", "Aoc2020-Day11\Aoc2020-Day11.csproj", "{407870DB-B467-426B-8852-ABA8E2E624D7}"
EndProject
Project("{FAE04EC0-301F-11D3-BF4B-00C04F79EFBC}") = "Aoc2020-Day12", "Aoc2020-Day12\Aoc2020-Day12.csproj", "{207185BF-427B-46BB-80A9-A94536F413AA}"
EndProject
Project("{FAE04EC0-301F-11D3-BF4B-00C04F79EFBC}") = "Aoc2020-Day13", "Aoc2020-Day13\Aoc2020-Day13.csproj", "{D446744A-E081-4326-8E8D-2A346F70E82B}"
EndProject
Project("{FAE04EC0-301F-11D3-BF4B-00C04F79EFBC}") = "Aoc2020-Day14", "Aoc2020-Day14\Aoc2020-Day14.csproj", "{B9E6CB05-5F18-4C1E-900A-D4BAF5EA01FE}"
EndProject
Project("{FAE04EC0-301F-11D3-BF4B-00C04F79EFBC}") = "Aoc2020-Day15", "Aoc2020-Day15\Aoc2020-Day15.csproj", "{661DA447-7643-430C-9927-ED3D5F18A0E7}"
EndProject
Project("{FAE04EC0-301F-11D3-BF4B-00C04F79EFBC}") = "Aoc2020-Day16", "Aoc2020-Day16\Aoc2020-Day16.csproj", "{703CE4FD-159D-427F-89B9-D5AC6F44A210}"
EndProject
Project("{FAE04EC0-301F-11D3-BF4B-00C04F79EFBC}") = "Aoc2020-Day17", "Aoc2020-Day17\Aoc2020-Day17.csproj", "{10578BBC-72D2-46AE-9FFE-52B6CF1CA8C6}"
EndProject
Global
	GlobalSection(SolutionConfigurationPlatforms) = preSolution
		Debug|Any CPU = Debug|Any CPU
		Release|Any CPU = Release|Any CPU
	EndGlobalSection
	GlobalSection(ProjectConfigurationPlatforms) = postSolution
		{DED65D4F-DD5B-4466-806F-411C473DED5E}.Debug|Any CPU.ActiveCfg = Debug|Any CPU
		{DED65D4F-DD5B-4466-806F-411C473DED5E}.Debug|Any CPU.Build.0 = Debug|Any CPU
		{DED65D4F-DD5B-4466-806F-411C473DED5E}.Release|Any CPU.ActiveCfg = Release|Any CPU
		{DED65D4F-DD5B-4466-806F-411C473DED5E}.Release|Any CPU.Build.0 = Release|Any CPU
		{77F330F4-C9C3-4EC1-842D-60C2D5FD7B86}.Debug|Any CPU.ActiveCfg = Debug|Any CPU
		{77F330F4-C9C3-4EC1-842D-60C2D5FD7B86}.Debug|Any CPU.Build.0 = Debug|Any CPU
		{77F330F4-C9C3-4EC1-842D-60C2D5FD7B86}.Release|Any CPU.ActiveCfg = Release|Any CPU
		{77F330F4-C9C3-4EC1-842D-60C2D5FD7B86}.Release|Any CPU.Build.0 = Release|Any CPU
		{02A6EDA0-E1F6-4B58-AAC7-278AEC43B28D}.Debug|Any CPU.ActiveCfg = Debug|Any CPU
		{02A6EDA0-E1F6-4B58-AAC7-278AEC43B28D}.Debug|Any CPU.Build.0 = Debug|Any CPU
		{02A6EDA0-E1F6-4B58-AAC7-278AEC43B28D}.Release|Any CPU.ActiveCfg = Release|Any CPU
		{02A6EDA0-E1F6-4B58-AAC7-278AEC43B28D}.Release|Any CPU.Build.0 = Release|Any CPU
		{6310E274-DFA6-4963-8801-CCF351FAED05}.Debug|Any CPU.ActiveCfg = Debug|Any CPU
		{6310E274-DFA6-4963-8801-CCF351FAED05}.Debug|Any CPU.Build.0 = Debug|Any CPU
		{6310E274-DFA6-4963-8801-CCF351FAED05}.Release|Any CPU.ActiveCfg = Release|Any CPU
		{6310E274-DFA6-4963-8801-CCF351FAED05}.Release|Any CPU.Build.0 = Release|Any CPU
		{1250B032-2393-4BD0-BD9D-8A337C32322B}.Debug|Any CPU.ActiveCfg = Debug|Any CPU
		{1250B032-2393-4BD0-BD9D-8A337C32322B}.Debug|Any CPU.Build.0 = Debug|Any CPU
		{1250B032-2393-4BD0-BD9D-8A337C32322B}.Release|Any CPU.ActiveCfg = Release|Any CPU
		{1250B032-2393-4BD0-BD9D-8A337C32322B}.Release|Any CPU.Build.0 = Release|Any CPU
		{EA52F4F9-4423-4501-B202-6042F9380257}.Debug|Any CPU.ActiveCfg = Debug|Any CPU
		{EA52F4F9-4423-4501-B202-6042F9380257}.Debug|Any CPU.Build.0 = Debug|Any CPU
		{EA52F4F9-4423-4501-B202-6042F9380257}.Release|Any CPU.ActiveCfg = Release|Any CPU
		{EA52F4F9-4423-4501-B202-6042F9380257}.Release|Any CPU.Build.0 = Release|Any CPU
		{AFDD4BE3-7C50-4C40-A8A8-5278BA7BA9B7}.Debug|Any CPU.ActiveCfg = Debug|Any CPU
		{AFDD4BE3-7C50-4C40-A8A8-5278BA7BA9B7}.Debug|Any CPU.Build.0 = Debug|Any CPU
		{AFDD4BE3-7C50-4C40-A8A8-5278BA7BA9B7}.Release|Any CPU.ActiveCfg = Release|Any CPU
		{AFDD4BE3-7C50-4C40-A8A8-5278BA7BA9B7}.Release|Any CPU.Build.0 = Release|Any CPU
		{B1D982DB-D447-40B4-9799-B3DB0447FB74}.Debug|Any CPU.ActiveCfg = Debug|Any CPU
		{B1D982DB-D447-40B4-9799-B3DB0447FB74}.Debug|Any CPU.Build.0 = Debug|Any CPU
		{B1D982DB-D447-40B4-9799-B3DB0447FB74}.Release|Any CPU.ActiveCfg = Release|Any CPU
		{B1D982DB-D447-40B4-9799-B3DB0447FB74}.Release|Any CPU.Build.0 = Release|Any CPU
		{F96DED33-12C4-431B-BA3C-6B41BDFB38D8}.Debug|Any CPU.ActiveCfg = Debug|Any CPU
		{F96DED33-12C4-431B-BA3C-6B41BDFB38D8}.Debug|Any CPU.Build.0 = Debug|Any CPU
		{F96DED33-12C4-431B-BA3C-6B41BDFB38D8}.Release|Any CPU.ActiveCfg = Release|Any CPU
		{F96DED33-12C4-431B-BA3C-6B41BDFB38D8}.Release|Any CPU.Build.0 = Release|Any CPU
		{F956D334-03DA-4070-8E94-79D89720C3EF}.Debug|Any CPU.ActiveCfg = Debug|Any CPU
		{F956D334-03DA-4070-8E94-79D89720C3EF}.Debug|Any CPU.Build.0 = Debug|Any CPU
		{F956D334-03DA-4070-8E94-79D89720C3EF}.Release|Any CPU.ActiveCfg = Release|Any CPU
		{F956D334-03DA-4070-8E94-79D89720C3EF}.Release|Any CPU.Build.0 = Release|Any CPU
		{407870DB-B467-426B-8852-ABA8E2E624D7}.Debug|Any CPU.ActiveCfg = Debug|Any CPU
		{407870DB-B467-426B-8852-ABA8E2E624D7}.Debug|Any CPU.Build.0 = Debug|Any CPU
		{407870DB-B467-426B-8852-ABA8E2E624D7}.Release|Any CPU.ActiveCfg = Release|Any CPU
		{407870DB-B467-426B-8852-ABA8E2E624D7}.Release|Any CPU.Build.0 = Release|Any CPU
		{207185BF-427B-46BB-80A9-A94536F413AA}.Debug|Any CPU.ActiveCfg = Debug|Any CPU
		{207185BF-427B-46BB-80A9-A94536F413AA}.Debug|Any CPU.Build.0 = Debug|Any CPU
		{207185BF-427B-46BB-80A9-A94536F413AA}.Release|Any CPU.ActiveCfg = Release|Any CPU
		{207185BF-427B-46BB-80A9-A94536F413AA}.Release|Any CPU.Build.0 = Release|Any CPU
		{D446744A-E081-4326-8E8D-2A346F70E82B}.Debug|Any CPU.ActiveCfg = Debug|Any CPU
		{D446744A-E081-4326-8E8D-2A346F70E82B}.Debug|Any CPU.Build.0 = Debug|Any CPU
		{D446744A-E081-4326-8E8D-2A346F70E82B}.Release|Any CPU.ActiveCfg = Release|Any CPU
		{D446744A-E081-4326-8E8D-2A346F70E82B}.Release|Any CPU.Build.0 = Release|Any CPU
		{B9E6CB05-5F18-4C1E-900A-D4BAF5EA01FE}.Debug|Any CPU.ActiveCfg = Debug|Any CPU
		{B9E6CB05-5F18-4C1E-900A-D4BAF5EA01FE}.Debug|Any CPU.Build.0 = Debug|Any CPU
		{B9E6CB05-5F18-4C1E-900A-D4BAF5EA01FE}.Release|Any CPU.ActiveCfg = Release|Any CPU
		{B9E6CB05-5F18-4C1E-900A-D4BAF5EA01FE}.Release|Any CPU.Build.0 = Release|Any CPU
		{661DA447-7643-430C-9927-ED3D5F18A0E7}.Debug|Any CPU.ActiveCfg = Debug|Any CPU
		{661DA447-7643-430C-9927-ED3D5F18A0E7}.Debug|Any CPU.Build.0 = Debug|Any CPU
		{661DA447-7643-430C-9927-ED3D5F18A0E7}.Release|Any CPU.ActiveCfg = Release|Any CPU
		{661DA447-7643-430C-9927-ED3D5F18A0E7}.Release|Any CPU.Build.0 = Release|Any CPU
		{703CE4FD-159D-427F-89B9-D5AC6F44A210}.Debug|Any CPU.ActiveCfg = Debug|Any CPU
		{703CE4FD-159D-427F-89B9-D5AC6F44A210}.Debug|Any CPU.Build.0 = Debug|Any CPU
		{703CE4FD-159D-427F-89B9-D5AC6F44A210}.Release|Any CPU.ActiveCfg = Release|Any CPU
		{703CE4FD-159D-427F-89B9-D5AC6F44A210}.Release|Any CPU.Build.0 = Release|Any CPU
		{10578BBC-72D2-46AE-9FFE-52B6CF1CA8C6}.Debug|Any CPU.ActiveCfg = Debug|Any CPU
		{10578BBC-72D2-46AE-9FFE-52B6CF1CA8C6}.Debug|Any CPU.Build.0 = Debug|Any CPU
		{10578BBC-72D2-46AE-9FFE-52B6CF1CA8C6}.Release|Any CPU.ActiveCfg = Release|Any CPU
		{10578BBC-72D2-46AE-9FFE-52B6CF1CA8C6}.Release|Any CPU.Build.0 = Release|Any CPU
	EndGlobalSection
EndGlobal
